
Microsoft Visual Studio Solution File, Format Version 12.00
# Visual Studio Version 17
VisualStudioVersion = 17.3.32901.215
MinimumVisualStudioVersion = 10.0.40219.1
Project("{FAE04EC0-301F-11D3-BF4B-00C04F79EFBC}") = "IndianStateCensus", "IndianStateCensus\IndianStateCensus.csproj", "{4AC1184C-4C8E-4F58-84BC-0272DE43DA14}"
EndProject
Project("{FAE04EC0-301F-11D3-BF4B-00C04F79EFBC}") = "CensusTestProject1", "CensusTestProject1\CensusTestProject1.csproj", "{548250A3-03AC-429F-8D1E-C998623F2273}"
EndProject
Global
	GlobalSection(SolutionConfigurationPlatforms) = preSolution
		Debug|Any CPU = Debug|Any CPU
		Release|Any CPU = Release|Any CPU
	EndGlobalSection
	GlobalSection(ProjectConfigurationPlatforms) = postSolution
		{4AC1184C-4C8E-4F58-84BC-0272DE43DA14}.Debug|Any CPU.ActiveCfg = Debug|Any CPU
		{4AC1184C-4C8E-4F58-84BC-0272DE43DA14}.Debug|Any CPU.Build.0 = Debug|Any CPU
		{4AC1184C-4C8E-4F58-84BC-0272DE43DA14}.Release|Any CPU.ActiveCfg = Release|Any CPU
		{4AC1184C-4C8E-4F58-84BC-0272DE43DA14}.Release|Any CPU.Build.0 = Release|Any CPU
		{548250A3-03AC-429F-8D1E-C998623F2273}.Debug|Any CPU.ActiveCfg = Debug|Any CPU
		{548250A3-03AC-429F-8D1E-C998623F2273}.Debug|Any CPU.Build.0 = Debug|Any CPU
		{548250A3-03AC-429F-8D1E-C998623F2273}.Release|Any CPU.ActiveCfg = Release|Any CPU
		{548250A3-03AC-429F-8D1E-C998623F2273}.Release|Any CPU.Build.0 = Release|Any CPU
	EndGlobalSection
	GlobalSection(SolutionProperties) = preSolution
		HideSolutionNode = FALSE
	EndGlobalSection
	GlobalSection(ExtensibilityGlobals) = postSolution
		SolutionGuid = {05629D2F-DCF7-4D7D-A100-64458331BF4D}
	EndGlobalSection
EndGlobal
